<?xml version="1.0" encoding="utf-8"?>
<Project ToolsVersion="4.0" xmlns="http://schemas.microsoft.com/developer/msbuild/2003">
  <ItemGroup>
    <ClCompile Include="Core.ixx" />
    <ClCompile Include="RenderingEngine.ixx" />
    <ClCompile Include="RenderTarget.ixx" />
    <ClCompile Include="RenderPassFactory.ixx" />
    <ClCompile Include="ShaderIncluder.ixx">
      <Filter>Util</Filter>
    </ClCompile>
    <ClCompile Include="Renderer.ixx" />
    <ClCompile Include="FramebufferFactory.ixx" />
    <ClCompile Include="CommandBufferCirculator.ixx">
      <Filter>Circulator</Filter>
    </ClCompile>
    <ClCompile Include="SemaphoreCirculator.ixx">
      <Filter>Circulator</Filter>
    </ClCompile>
    <ClCompile Include="FenceCirculator.ixx">
      <Filter>Circulator</Filter>
    </ClCompile>
    <ClCompile Include="Constants.ixx" />
    <ClCompile Include="RenderObject.ixx" />
    <ClCompile Include="Mesh.ixx" />
    <ClCompile Include="CommandExecutor.ixx" />
    <ClCompile Include="EngineContext.ixx" />
    <ClCompile Include="DrawParam.ixx" />
    <ClCompile Include="Material.ixx" />
    <ClCompile Include="Layer.ixx">
      <Filter>Layer</Filter>
    </ClCompile>
    <ClCompile Include="SubLayer.ixx">
      <Filter>Layer</Filter>
    </ClCompile>
    <ClCompile Include="LayerResourcePool.ixx">
      <Filter>Layer</Filter>
    </ClCompile>
    <ClCompile Include="ShaderDataStructures.ixx" />
    <ClCompile Include="DescriptorSetCirculator.ixx">
      <Filter>Circulator</Filter>
    </ClCompile>
    <ClCompile Include="Texture.ixx" />
    <ClCompile Include="MemoryAllocator.ixx">
      <Filter>MemoryAllocator</Filter>
    </ClCompile>
    <ClCompile Include="MemoryAllocator_Memory.ixx">
      <Filter>MemoryAllocator</Filter>
    </ClCompile>
    <ClCompile Include="MemoryAllocator_Buffer.ixx">
      <Filter>MemoryAllocator</Filter>
    </ClCompile>
    <ClCompile Include="MemoryAllocator_Image.ixx">
      <Filter>MemoryAllocator</Filter>
    </ClCompile>
  </ItemGroup>
  <ItemGroup>
    <Filter Include="Util">
      <UniqueIdentifier>{64304623-f5ba-4bec-a345-890f993445d2}</UniqueIdentifier>
    </Filter>
    <Filter Include="Circulator">
      <UniqueIdentifier>{654302a8-7940-4ee7-98a6-d9821f04df0e}</UniqueIdentifier>
    </Filter>
    <Filter Include="Layer">
      <UniqueIdentifier>{90aa7994-9bb5-4c39-9bda-e1acf5a74dc3}</UniqueIdentifier>
    </Filter>
    <Filter Include="MemoryAllocator">
      <UniqueIdentifier>{efb9423a-290b-491e-a441-784c6edf809d}</UniqueIdentifier>
    </Filter>
  </ItemGroup>
</Project>