<?xml version="1.0" encoding="utf-8"?>
<Project ToolsVersion="4.0" xmlns="http://schemas.microsoft.com/developer/msbuild/2003">
  <ItemGroup>
    <ClCompile Include="Core.ixx" />
    <ClCompile Include="RenderingEngine.ixx" />
    <ClCompile Include="RenderTarget.ixx" />
    <ClCompile Include="RenderPassFactory.ixx" />
    <ClCompile Include="ShaderIncluder.ixx">
      <Filter>Util</Filter>
    </ClCompile>
    <ClCompile Include="Renderer.ixx" />
    <ClCompile Include="FramebufferFactory.ixx" />
    <ClCompile Include="Layer.ixx" />
    <ClCompile Include="CommandBufferCirculator.ixx">
      <Filter>Circulator</Filter>
    </ClCompile>
    <ClCompile Include="SemaphoreCirculator.ixx">
      <Filter>Circulator</Filter>
    </ClCompile>
    <ClCompile Include="FenceCirculator.ixx">
      <Filter>Circulator</Filter>
    </ClCompile>
    <ClCompile Include="Constants.ixx" />
    <ClCompile Include="RenderObject.ixx" />
    <ClCompile Include="Mesh.ixx" />
    <ClCompile Include="MemoryAllocator.ixx" />
    <ClCompile Include="CommandExecutor.ixx" />
    <ClCompile Include="EngineContext.ixx" />
  </ItemGroup>
  <ItemGroup>
    <Filter Include="Util">
      <UniqueIdentifier>{64304623-f5ba-4bec-a345-890f993445d2}</UniqueIdentifier>
    </Filter>
    <Filter Include="Circulator">
      <UniqueIdentifier>{654302a8-7940-4ee7-98a6-d9821f04df0e}</UniqueIdentifier>
    </Filter>
  </ItemGroup>
</Project>