<?xml version="1.0" encoding="utf-8"?>
<Project ToolsVersion="4.0" xmlns="http://schemas.microsoft.com/developer/msbuild/2003">
  <ItemGroup>
    <Filter Include="Renderer">
      <UniqueIdentifier>{bed11dc8-c97e-4352-8dc1-0cfb2a5e5b78}</UniqueIdentifier>
    </Filter>
    <Filter Include="Vertex">
      <UniqueIdentifier>{75b25bc3-44ea-4e19-9e3d-d50dfaa4cb3d}</UniqueIdentifier>
    </Filter>
    <Filter Include="Material">
      <UniqueIdentifier>{a2c68016-71ee-413e-8ebc-3301adebfd2e}</UniqueIdentifier>
    </Filter>
    <Filter Include="RenderSystem">
      <UniqueIdentifier>{160d8e20-25a4-4e14-8482-893f3d73ed75}</UniqueIdentifier>
    </Filter>
    <Filter Include="RenderInterface">
      <UniqueIdentifier>{2056d2f2-b667-4eb0-963e-931718998906}</UniqueIdentifier>
    </Filter>
    <Filter Include="SceneObject">
      <UniqueIdentifier>{4af92074-4f90-451e-998a-2ee706e05c77}</UniqueIdentifier>
    </Filter>
  </ItemGroup>
  <ItemGroup>
    <ClCompile Include="SimpleRenderer.ixx">
      <Filter>Renderer</Filter>
    </ClCompile>
    <ClCompile Include="Vertex.ixx">
      <Filter>Vertex</Filter>
    </ClCompile>
    <ClCompile Include="VertexAttribute.ixx">
      <Filter>Vertex</Filter>
    </ClCompile>
    <ClCompile Include="SimpleMaterial.ixx">
      <Filter>Material</Filter>
    </ClCompile>
    <ClCompile Include="RenderSystem.ixx">
      <Filter>RenderSystem</Filter>
    </ClCompile>
    <ClCompile Include="RenderInterface.ixx">
      <Filter>RenderInterface</Filter>
    </ClCompile>
    <ClCompile Include="RenderSystem_Impl.ixx">
      <Filter>RenderSystem</Filter>
    </ClCompile>
    <ClCompile Include="SceneObject.ixx">
      <Filter>SceneObject</Filter>
    </ClCompile>
    <ClCompile Include="SceneObject_Impl.ixx">
      <Filter>SceneObject</Filter>
    </ClCompile>
    <ClCompile Include="RenderSystemContext.ixx">
      <Filter>RenderSystem</Filter>
    </ClCompile>
  </ItemGroup>
</Project>