<?xml version="1.0" encoding="utf-8"?>
<Project ToolsVersion="4.0" xmlns="http://schemas.microsoft.com/developer/msbuild/2003">
  <ItemGroup>
    <Filter Include="Renderer">
      <UniqueIdentifier>{bed11dc8-c97e-4352-8dc1-0cfb2a5e5b78}</UniqueIdentifier>
    </Filter>
  </ItemGroup>
  <ItemGroup>
    <ClCompile Include="TriangleRenderer.ixx">
      <Filter>Renderer</Filter>
    </ClCompile>
  </ItemGroup>
</Project>